
Microsoft Visual Studio Solution File, Format Version 10.00
# Visual Studio 2008
Project("{8BC9CEB8-8B4A-11D0-8D11-00A0C91BC942}") = "MSRPG", "MSRPG\MSRPG.vcproj", "{BF7D1BFB-571A-41D4-9C36-1FCBE85560E3}"
EndProject
Global
	GlobalSection(SubversionScc) = preSolution
		Svn-Managed = True
		Manager = AnkhSVN - Subversion Support for Visual Studio
	EndGlobalSection
	GlobalSection(SolutionConfigurationPlatforms) = preSolution
		Debug|Win32 = Debug|Win32
		Release|Win32 = Release|Win32
	EndGlobalSection
	GlobalSection(ProjectConfigurationPlatforms) = postSolution
		{BF7D1BFB-571A-41D4-9C36-1FCBE85560E3}.Debug|Win32.ActiveCfg = Debug|Win32
		{BF7D1BFB-571A-41D4-9C36-1FCBE85560E3}.Debug|Win32.Build.0 = Debug|Win32
		{BF7D1BFB-571A-41D4-9C36-1FCBE85560E3}.Release|Win32.ActiveCfg = Release|Win32
		{BF7D1BFB-571A-41D4-9C36-1FCBE85560E3}.Release|Win32.Build.0 = Release|Win32
	EndGlobalSection
	GlobalSection(SolutionProperties) = preSolution
		HideSolutionNode = FALSE
	EndGlobalSection
EndGlobal
